
Microsoft Visual Studio Solution File, Format Version 12.00
# Visual Studio Version 16
VisualStudioVersion = 16.0.34301.259
MinimumVisualStudioVersion = 10.0.40219.1
Project("{FAE04EC0-301F-11D3-BF4B-00C04F79EFBC}") = "BaiTap1_Banking", "BaiTap1_Banking\BaiTap1_Banking.csproj", "{D637148C-48AB-49F0-BF2D-C0DF4488863F}"
EndProject
Project("{FAE04EC0-301F-11D3-BF4B-00C04F79EFBC}") = "BaiTap2_CuaHangBanLe", "BaiTap2_CuaHangBanLe\BaiTap2_CuaHangBanLe.csproj", "{4383009D-753C-4E0B-B303-64B877FF5A99}"
EndProject
Global
	GlobalSection(SolutionConfigurationPlatforms) = preSolution
		Debug|Any CPU = Debug|Any CPU
		Release|Any CPU = Release|Any CPU
	EndGlobalSection
	GlobalSection(ProjectConfigurationPlatforms) = postSolution
		{D637148C-48AB-49F0-BF2D-C0DF4488863F}.Debug|Any CPU.ActiveCfg = Debug|Any CPU
		{D637148C-48AB-49F0-BF2D-C0DF4488863F}.Debug|Any CPU.Build.0 = Debug|Any CPU
		{D637148C-48AB-49F0-BF2D-C0DF4488863F}.Release|Any CPU.ActiveCfg = Release|Any CPU
		{D637148C-48AB-49F0-BF2D-C0DF4488863F}.Release|Any CPU.Build.0 = Release|Any CPU
		{4383009D-753C-4E0B-B303-64B877FF5A99}.Debug|Any CPU.ActiveCfg = Debug|Any CPU
		{4383009D-753C-4E0B-B303-64B877FF5A99}.Debug|Any CPU.Build.0 = Debug|Any CPU
		{4383009D-753C-4E0B-B303-64B877FF5A99}.Release|Any CPU.ActiveCfg = Release|Any CPU
		{4383009D-753C-4E0B-B303-64B877FF5A99}.Release|Any CPU.Build.0 = Release|Any CPU
	EndGlobalSection
	GlobalSection(SolutionProperties) = preSolution
		HideSolutionNode = FALSE
	EndGlobalSection
	GlobalSection(ExtensibilityGlobals) = postSolution
		SolutionGuid = {DC0BB732-946F-489F-BB18-BCFBFEE10E96}
	EndGlobalSection
EndGlobal
